{
  "name": "@super-duper-packages-horse/package-a",
  "version": "0.0.7",
  "lockfileVersion": 3,
  "requires": true,
  "packages": {
    "": {
      "name": "@super-duper-packages-horse/package-a",
      "version": "0.0.7",
      "license": "MIT",
      "dependencies": {
        "@super-duper-packages-horse/package-b": "^0.0.3",
        "@types/package-b": "^0.0.3"
      },
      "devDependencies": {
        "typescript": "^5.3.3"
      }
    },
    "node_modules/@super-duper-packages-horse/package-b": {
      "version": "0.0.3",
      "resolved": "https://www.myget.org/F/super-duper-packages-horse/npm/@super-duper-packages-horse/package-b/-/@super-duper-packages-horse/package-b-0.0.3.tgz",
      "integrity": "sha1-91L4p0LXrbz2Ap1ygAMMmRCI5MU=",
      "license": "MIT"
    },
    "node_modules/@types/package-b": {
      "version": "0.0.3",
      "resolved": "https://www.myget.org/F/super-duper-packages-horse/npm/@types/package-b/-/@types/package-b-0.0.3.tgz",
      "integrity": "sha1-M92eKKQmVkz5U+e35dlcoDzMnLU=",
      "license": "MIT"
    },
    "node_modules/typescript": {
      "version": "5.3.3",
      "resolved": "https://registry.npmjs.org/typescript/-/typescript-5.3.3.tgz",
      "integrity": "sha512-pXWcraxM0uxAS+tN0AG/BF2TyqmHO014Z070UsJ+pFvYuRSq8KH8DmWpnbXe0pEPDHXZV3FcAbJkijJ5oNEnWw==",
      "dev": true,
      "bin": {
        "tsc": "bin/tsc",
        "tsserver": "bin/tsserver"
      },
      "engines": {
        "node": ">=14.17"
      }
    }
  }
}
